{
  "nodes": {
    "emacs-overlay": {
      "inputs": {
        "flake-utils": "flake-utils",
        "nixpkgs": [
          "unstable"
        ],
        "nixpkgs-stable": "nixpkgs-stable"
      },
      "locked": {
        "lastModified": 1692897118,
        "narHash": "sha256-Hb4JTX23oFZzNpsCRnMZriTpPfQa8//BbPR03a5E1HU=",
        "owner": "nix-community",
        "repo": "emacs-overlay",
        "rev": "7c78afad4565bcb49b3c848c6f1fb28f0cb361d7",
        "type": "github"
      },
      "original": {
        "owner": "nix-community",
        "repo": "emacs-overlay",
        "type": "github"
      }
    },
    "flake-utils": {
      "inputs": {
        "systems": "systems"
      },
      "locked": {
        "lastModified": 1692799911,
        "narHash": "sha256-3eihraek4qL744EvQXsK1Ha6C3CR7nnT8X2qWap4RNk=",
        "owner": "numtide",
        "repo": "flake-utils",
        "rev": "f9e7cf818399d17d347f847525c5a5a8032e4e44",
        "type": "github"
      },
      "original": {
        "owner": "numtide",
        "repo": "flake-utils",
        "type": "github"
      }
    },
    "home-manager": {
      "inputs": {
        "nixpkgs": "nixpkgs"
      },
      "locked": {
        "lastModified": 1692763155,
        "narHash": "sha256-qMrGKZ8c/q/mHO3ZdrcBPwiVVXPLLgXjY98Ejqb5kAA=",
        "owner": "nix-community",
        "repo": "home-manager",
        "rev": "6a20e40acaebf067da682661aa67da8b36812606",
        "type": "github"
      },
      "original": {
        "owner": "nix-community",
        "repo": "home-manager",
        "type": "github"
      }
    },
    "hyprland": {
      "inputs": {
        "hyprland-protocols": "hyprland-protocols",
        "nixpkgs": [
          "unstable"
        ],
        "systems": "systems_2",
        "wlroots": "wlroots",
        "xdph": "xdph"
      },
      "locked": {
        "lastModified": 1692871050,
        "narHash": "sha256-OJ/OkOLFn546rcXmj/3VEGlsPYjdXWAhEmjqdc6re6k=",
        "owner": "hyprwm",
        "repo": "Hyprland",
        "rev": "90c03e5bd2204ba6d1a0167c68f65b7a9231bef4",
        "type": "github"
      },
      "original": {
        "owner": "hyprwm",
        "repo": "Hyprland",
        "type": "github"
      }
    },
    "hyprland-protocols": {
      "inputs": {
        "nixpkgs": [
          "hyprland",
          "nixpkgs"
        ],
        "systems": [
          "hyprland",
          "systems"
        ]
      },
      "locked": {
        "lastModified": 1691753796,
        "narHash": "sha256-zOEwiWoXk3j3+EoF3ySUJmberFewWlagvewDRuWYAso=",
        "owner": "hyprwm",
        "repo": "hyprland-protocols",
        "rev": "0c2ce70625cb30aef199cb388f99e19a61a6ce03",
        "type": "github"
      },
      "original": {
        "owner": "hyprwm",
        "repo": "hyprland-protocols",
        "type": "github"
      }
    },
    "master": {
      "locked": {
        "lastModified": 1692910169,
        "narHash": "sha256-w8/Ha6aMAlL/NnVjDzJCPDLrOYqJnJZnKZlQw1/iBro=",
        "owner": "nixos",
        "repo": "nixpkgs",
        "rev": "6a74322a40a083a177ed5adfe4940ad33dcfe134",
        "type": "github"
      },
      "original": {
        "owner": "nixos",
        "repo": "nixpkgs",
        "type": "github"
      }
    },
    "nixpkgs": {
      "locked": {
        "lastModified": 1692638711,
        "narHash": "sha256-J0LgSFgJVGCC1+j5R2QndadWI1oumusg6hCtYAzLID4=",
        "owner": "NixOS",
        "repo": "nixpkgs",
        "rev": "91a22f76cd1716f9d0149e8a5c68424bb691de15",
        "type": "github"
      },
      "original": {
        "owner": "NixOS",
        "ref": "nixos-unstable",
        "repo": "nixpkgs",
        "type": "github"
      }
    },
    "nixpkgs-stable": {
      "locked": {
        "lastModified": 1692794066,
        "narHash": "sha256-H0aG8r16dj0x/Wz6wQhQxc9V7AsObOiHPaKxQgH6Y08=",
        "owner": "NixOS",
        "repo": "nixpkgs",
        "rev": "fc944919f743bb22379dddf18dcb72db6cff84aa",
        "type": "github"
      },
      "original": {
        "owner": "NixOS",
        "ref": "nixos-23.05",
        "repo": "nixpkgs",
        "type": "github"
      }
    },
    "nixpkgs-stable_2": {
      "locked": {
        "lastModified": 1692492726,
        "narHash": "sha256-rld5qm2B4oRkDwcPD+yOSyTrZQdfCR6mzJGGkecjvTs=",
        "owner": "NixOS",
        "repo": "nixpkgs",
        "rev": "5e63e8bbc46bc4fc22254da1edaf42fc7549c18a",
        "type": "github"
      },
      "original": {
        "owner": "NixOS",
        "ref": "release-23.05",
        "repo": "nixpkgs",
        "type": "github"
      }
    },
    "nixpkgs_2": {
      "locked": {
        "lastModified": 1692463654,
        "narHash": "sha256-F8hZmsQINI+S6UROM4jyxAMbQLtzE44pI8Nk6NtMdao=",
        "owner": "NixOS",
        "repo": "nixpkgs",
        "rev": "ca3c9ac9f4cdd4bea19f592b32bb59b74ab7d783",
        "type": "github"
      },
      "original": {
        "owner": "NixOS",
        "ref": "nixpkgs-unstable",
        "repo": "nixpkgs",
        "type": "github"
      }
    },
    "nur": {
      "locked": {
        "lastModified": 1692906366,
        "narHash": "sha256-XQ5ZguOfoXRrRcHiWChKUwsuyf726XTKP360oDtePGM=",
        "owner": "nix-community",
        "repo": "nur",
        "rev": "202456d40f4700e2356f72e6ba57bb2a6ddc4921",
        "type": "github"
      },
      "original": {
        "owner": "nix-community",
        "repo": "nur",
        "type": "github"
      }
    },
    "root": {
      "inputs": {
        "emacs-overlay": "emacs-overlay",
        "home-manager": "home-manager",
        "hyprland": "hyprland",
        "master": "master",
        "nur": "nur",
        "sops-nix": "sops-nix",
        "stable": "stable",
        "unstable": "unstable",
        "utils": "utils"
      }
    },
    "sops-nix": {
      "inputs": {
        "nixpkgs": "nixpkgs_2",
        "nixpkgs-stable": "nixpkgs-stable_2"
      },
      "locked": {
        "lastModified": 1692728678,
        "narHash": "sha256-02MjG7Sb9k7eOi86CcC4GNWVOjT6gjmXFSqkRjZ8Xyk=",
        "owner": "Mic92",
        "repo": "sops-nix",
        "rev": "1b7b3a32d65dbcd69c217d7735fdf0a6b2184f45",
        "type": "github"
      },
      "original": {
        "owner": "Mic92",
        "repo": "sops-nix",
        "type": "github"
      }
    },
    "stable": {
      "locked": {
        "lastModified": 1685573264,
        "narHash": "sha256-Zffu01pONhs/pqH07cjlF10NnMDLok8ix5Uk4rhOnZQ=",
        "owner": "nixos",
        "repo": "nixpkgs",
        "rev": "380be19fbd2d9079f677978361792cb25e8a3635",
        "type": "github"
      },
      "original": {
        "owner": "nixos",
        "ref": "nixos-22.05",
        "repo": "nixpkgs",
        "type": "github"
      }
    },
    "systems": {
      "locked": {
        "lastModified": 1681028828,
        "narHash": "sha256-Vy1rq5AaRuLzOxct8nz4T6wlgyUR7zLU309k9mBC768=",
        "owner": "nix-systems",
        "repo": "default",
        "rev": "da67096a3b9bf56a91d16901293e51ba5b49a27e",
        "type": "github"
      },
      "original": {
        "owner": "nix-systems",
        "repo": "default",
        "type": "github"
      }
    },
    "systems_2": {
      "locked": {
        "lastModified": 1689347949,
        "narHash": "sha256-12tWmuL2zgBgZkdoB6qXZsgJEH9LR3oUgpaQq2RbI80=",
        "owner": "nix-systems",
        "repo": "default-linux",
        "rev": "31732fcf5e8fea42e59c2488ad31a0e651500f68",
        "type": "github"
      },
      "original": {
        "owner": "nix-systems",
        "repo": "default-linux",
        "type": "github"
      }
    },
    "systems_3": {
      "locked": {
        "lastModified": 1681028828,
        "narHash": "sha256-Vy1rq5AaRuLzOxct8nz4T6wlgyUR7zLU309k9mBC768=",
        "owner": "nix-systems",
        "repo": "default",
        "rev": "da67096a3b9bf56a91d16901293e51ba5b49a27e",
        "type": "github"
      },
      "original": {
        "owner": "nix-systems",
        "repo": "default",
        "type": "github"
      }
    },
    "unstable": {
      "locked": {
        "lastModified": 1692734709,
        "narHash": "sha256-SCFnyHCyYjwEmgUsHDDuU0TsbVMKeU1vwkR+r7uS2Rg=",
        "owner": "nixos",
        "repo": "nixpkgs",
        "rev": "b85ed9dcbf187b909ef7964774f8847d554fab3b",
        "type": "github"
      },
      "original": {
        "owner": "nixos",
        "ref": "nixos-unstable",
        "repo": "nixpkgs",
        "type": "github"
      }
    },
    "utils": {
      "inputs": {
        "systems": "systems_3"
      },
      "locked": {
        "lastModified": 1692799911,
        "narHash": "sha256-3eihraek4qL744EvQXsK1Ha6C3CR7nnT8X2qWap4RNk=",
        "owner": "numtide",
        "repo": "flake-utils",
        "rev": "f9e7cf818399d17d347f847525c5a5a8032e4e44",
        "type": "github"
      },
      "original": {
        "owner": "numtide",
        "repo": "flake-utils",
        "type": "github"
      }
    },
    "wlroots": {
      "flake": false,
      "locked": {
        "host": "gitlab.freedesktop.org",
        "lastModified": 1691073628,
        "narHash": "sha256-LlxE3o3UzRY7APYVLGNKM30DBMcDifCRIQiMVSbYLIc=",
        "owner": "wlroots",
        "repo": "wlroots",
        "rev": "c74f89d4f84bfed0284d3908aee5d207698c70c5",
        "type": "gitlab"
      },
      "original": {
        "host": "gitlab.freedesktop.org",
        "owner": "wlroots",
        "repo": "wlroots",
        "rev": "c74f89d4f84bfed0284d3908aee5d207698c70c5",
        "type": "gitlab"
      }
    },
    "xdph": {
      "inputs": {
        "hyprland-protocols": [
          "hyprland",
          "hyprland-protocols"
        ],
        "nixpkgs": [
          "hyprland",
          "nixpkgs"
        ],
        "systems": [
          "hyprland",
          "systems"
        ]
      },
      "locked": {
        "lastModified": 1691841170,
        "narHash": "sha256-RCTm1/MVWYPnReMgyp7tr2ogGYo/pvw38jZaFwemgPU=",
        "owner": "hyprwm",
        "repo": "xdg-desktop-portal-hyprland",
        "rev": "57a3a41ba6b358109e4fc25c6a4706b5f7d93c6b",
        "type": "github"
      },
      "original": {
        "owner": "hyprwm",
        "repo": "xdg-desktop-portal-hyprland",
        "type": "github"
      }
    }
  },
  "root": "root",
  "version": 7
}
